// !$*UTF8*$!
{
	archiveVersion = 1;
	classes = {
	};
	objectVersion = 50;
	objects = {

/* Begin PBXBuildFile section */
		0A187A0822A64962004EECAA /* AppDelegate.swift in Sources */ = {isa = PBXBuildFile; fileRef = 0A187A0722A64962004EECAA /* AppDelegate.swift */; };
		0A187A0D22A64962004EECAA /* Main.storyboard in Resources */ = {isa = PBXBuildFile; fileRef = 0A187A0B22A64962004EECAA /* Main.storyboard */; };
		0A187A0F22A64964004EECAA /* Assets.xcassets in Resources */ = {isa = PBXBuildFile; fileRef = 0A187A0E22A64964004EECAA /* Assets.xcassets */; };
		0A187A1222A64964004EECAA /* LaunchScreen.storyboard in Resources */ = {isa = PBXBuildFile; fileRef = 0A187A1022A64964004EECAA /* LaunchScreen.storyboard */; };
		0A6885AD22A70F1A00C431FD /* MetAPI.swift in Sources */ = {isa = PBXBuildFile; fileRef = 0A6885AC22A70F1A00C431FD /* MetAPI.swift */; };
		0A97EFE422AC6458009D7139 /* Artwork.swift in Sources */ = {isa = PBXBuildFile; fileRef = 0A97EFE322AC6458009D7139 /* Artwork.swift */; };
		0AB0FC3322AB98D10026526A /* ExplorationViewController.swift in Sources */ = {isa = PBXBuildFile; fileRef = 0AB0FC3222AB98D10026526A /* ExplorationViewController.swift */; };
		0AB0FC3522AB99650026526A /* SearchViewController.swift in Sources */ = {isa = PBXBuildFile; fileRef = 0AB0FC3422AB99650026526A /* SearchViewController.swift */; };
		0AB0FC3722AB9A890026526A /* FavoritesViewController.swift in Sources */ = {isa = PBXBuildFile; fileRef = 0AB0FC3622AB9A890026526A /* FavoritesViewController.swift */; };
		0AB0FC3922AB9ACF0026526A /* DetailViewController.swift in Sources */ = {isa = PBXBuildFile; fileRef = 0AB0FC3822AB9ACF0026526A /* DetailViewController.swift */; };
		0ACB4F0922AF807D00221FC5 /* MetAllObjectIds.archive in Resources */ = {isa = PBXBuildFile; fileRef = 0ACB4F0822AF807D00221FC5 /* MetAllObjectIds.archive */; };
		0ACB4F0B22AF80F300221FC5 /* WorldState.swift in Sources */ = {isa = PBXBuildFile; fileRef = 0ACB4F0A22AF80F300221FC5 /* WorldState.swift */; };
		0ACB4F0D22AF816500221FC5 /* StateController.swift in Sources */ = {isa = PBXBuildFile; fileRef = 0ACB4F0C22AF816500221FC5 /* StateController.swift */; };
		0ACB4F0F22AF845200221FC5 /* StorageController.swift in Sources */ = {isa = PBXBuildFile; fileRef = 0ACB4F0E22AF845200221FC5 /* StorageController.swift */; };
		0ACB4F1122AF922900221FC5 /* MetObject.swift in Sources */ = {isa = PBXBuildFile; fileRef = 0ACB4F1022AF922900221FC5 /* MetObject.swift */; };
/* End PBXBuildFile section */

/* Begin PBXFileReference section */
		0A187A0422A64962004EECAA /* ArtZen.app */ = {isa = PBXFileReference; explicitFileType = wrapper.application; includeInIndex = 0; path = ArtZen.app; sourceTree = BUILT_PRODUCTS_DIR; };
		0A187A0722A64962004EECAA /* AppDelegate.swift */ = {isa = PBXFileReference; lastKnownFileType = sourcecode.swift; path = AppDelegate.swift; sourceTree = "<group>"; };
		0A187A0C22A64962004EECAA /* Base */ = {isa = PBXFileReference; lastKnownFileType = file.storyboard; name = Base; path = Base.lproj/Main.storyboard; sourceTree = "<group>"; };
		0A187A0E22A64964004EECAA /* Assets.xcassets */ = {isa = PBXFileReference; lastKnownFileType = folder.assetcatalog; path = Assets.xcassets; sourceTree = "<group>"; };
		0A187A1122A64964004EECAA /* Base */ = {isa = PBXFileReference; lastKnownFileType = file.storyboard; name = Base; path = Base.lproj/LaunchScreen.storyboard; sourceTree = "<group>"; };
		0A187A1322A64964004EECAA /* Info.plist */ = {isa = PBXFileReference; lastKnownFileType = text.plist.xml; path = Info.plist; sourceTree = "<group>"; };
		0A6885AC22A70F1A00C431FD /* MetAPI.swift */ = {isa = PBXFileReference; lastKnownFileType = sourcecode.swift; path = MetAPI.swift; sourceTree = "<group>"; };
		0A97EFE322AC6458009D7139 /* Artwork.swift */ = {isa = PBXFileReference; lastKnownFileType = sourcecode.swift; path = Artwork.swift; sourceTree = "<group>"; };
		0AB0FC3222AB98D10026526A /* ExplorationViewController.swift */ = {isa = PBXFileReference; lastKnownFileType = sourcecode.swift; path = ExplorationViewController.swift; sourceTree = "<group>"; };
		0AB0FC3422AB99650026526A /* SearchViewController.swift */ = {isa = PBXFileReference; lastKnownFileType = sourcecode.swift; path = SearchViewController.swift; sourceTree = "<group>"; };
		0AB0FC3622AB9A890026526A /* FavoritesViewController.swift */ = {isa = PBXFileReference; lastKnownFileType = sourcecode.swift; path = FavoritesViewController.swift; sourceTree = "<group>"; };
		0AB0FC3822AB9ACF0026526A /* DetailViewController.swift */ = {isa = PBXFileReference; lastKnownFileType = sourcecode.swift; path = DetailViewController.swift; sourceTree = "<group>"; };
		0ACB4F0822AF807D00221FC5 /* MetAllObjectIds.archive */ = {isa = PBXFileReference; lastKnownFileType = file.bplist; path = MetAllObjectIds.archive; sourceTree = "<group>"; };
		0ACB4F0A22AF80F300221FC5 /* WorldState.swift */ = {isa = PBXFileReference; lastKnownFileType = sourcecode.swift; path = WorldState.swift; sourceTree = "<group>"; };
		0ACB4F0C22AF816500221FC5 /* StateController.swift */ = {isa = PBXFileReference; lastKnownFileType = sourcecode.swift; path = StateController.swift; sourceTree = "<group>"; };
		0ACB4F0E22AF845200221FC5 /* StorageController.swift */ = {isa = PBXFileReference; lastKnownFileType = sourcecode.swift; path = StorageController.swift; sourceTree = "<group>"; };
		0ACB4F1022AF922900221FC5 /* MetObject.swift */ = {isa = PBXFileReference; lastKnownFileType = sourcecode.swift; path = MetObject.swift; sourceTree = "<group>"; };
/* End PBXFileReference section */

/* Begin PBXFrameworksBuildPhase section */
		0A187A0122A64962004EECAA /* Frameworks */ = {
			isa = PBXFrameworksBuildPhase;
			buildActionMask = 2147483647;
			files = (
			);
			runOnlyForDeploymentPostprocessing = 0;
		};
/* End PBXFrameworksBuildPhase section */

/* Begin PBXGroup section */
		0A1879FB22A64962004EECAA = {
			isa = PBXGroup;
			children = (
				0A187A0622A64962004EECAA /* ArtZen */,
				0A187A0522A64962004EECAA /* Products */,
			);
			sourceTree = "<group>";
		};
		0A187A0522A64962004EECAA /* Products */ = {
			isa = PBXGroup;
			children = (
				0A187A0422A64962004EECAA /* ArtZen.app */,
			);
			name = Products;
			sourceTree = "<group>";
		};
		0A187A0622A64962004EECAA /* ArtZen */ = {
			isa = PBXGroup;
			children = (
				0A187A1B22A64B30004EECAA /* Views */,
				0A187A1C22A64B40004EECAA /* View Controllers */,
				0A187A1D22A64B6B004EECAA /* Models */,
				0A187A1E22A64B87004EECAA /* Model Controllers */,
				0A187A0E22A64964004EECAA /* Assets.xcassets */,
				0A187A1322A64964004EECAA /* Info.plist */,
				0ACB4F0822AF807D00221FC5 /* MetAllObjectIds.archive */,
			);
			path = ArtZen;
			sourceTree = "<group>";
		};
		0A187A1B22A64B30004EECAA /* Views */ = {
			isa = PBXGroup;
			children = (
				0A187A0B22A64962004EECAA /* Main.storyboard */,
				0A187A1022A64964004EECAA /* LaunchScreen.storyboard */,
			);
			name = Views;
			sourceTree = "<group>";
		};
		0A187A1C22A64B40004EECAA /* View Controllers */ = {
			isa = PBXGroup;
			children = (
				0AB0FC3222AB98D10026526A /* ExplorationViewController.swift */,
				0AB0FC3422AB99650026526A /* SearchViewController.swift */,
				0AB0FC3622AB9A890026526A /* FavoritesViewController.swift */,
				0AB0FC3822AB9ACF0026526A /* DetailViewController.swift */,
			);
			name = "View Controllers";
			sourceTree = "<group>";
		};
		0A187A1D22A64B6B004EECAA /* Models */ = {
			isa = PBXGroup;
			children = (
				0ACB4F0A22AF80F300221FC5 /* WorldState.swift */,
				0A97EFE322AC6458009D7139 /* Artwork.swift */,
				0ACB4F1022AF922900221FC5 /* MetObject.swift */,
			);
			name = Models;
			sourceTree = "<group>";
		};
		0A187A1E22A64B87004EECAA /* Model Controllers */ = {
			isa = PBXGroup;
			children = (
				0A187A0722A64962004EECAA /* AppDelegate.swift */,
				0A6885AC22A70F1A00C431FD /* MetAPI.swift */,
				0ACB4F0C22AF816500221FC5 /* StateController.swift */,
				0ACB4F0E22AF845200221FC5 /* StorageController.swift */,
			);
			name = "Model Controllers";
			sourceTree = "<group>";
		};
/* End PBXGroup section */

/* Begin PBXNativeTarget section */
		0A187A0322A64962004EECAA /* ArtZen */ = {
			isa = PBXNativeTarget;
			buildConfigurationList = 0A187A1622A64964004EECAA /* Build configuration list for PBXNativeTarget "ArtZen" */;
			buildPhases = (
				0A187A0022A64962004EECAA /* Sources */,
				0A187A0122A64962004EECAA /* Frameworks */,
				0A187A0222A64962004EECAA /* Resources */,
			);
			buildRules = (
			);
			dependencies = (
			);
			name = ArtZen;
			productName = ArtZen;
			productReference = 0A187A0422A64962004EECAA /* ArtZen.app */;
			productType = "com.apple.product-type.application";
		};
/* End PBXNativeTarget section */

/* Begin PBXProject section */
		0A1879FC22A64962004EECAA /* Project object */ = {
			isa = PBXProject;
			attributes = {
				LastSwiftUpdateCheck = 1020;
				LastUpgradeCheck = 1020;
				ORGANIZATIONNAME = "Kevin Jackson";
				TargetAttributes = {
					0A187A0322A64962004EECAA = {
						CreatedOnToolsVersion = 10.2.1;
					};
				};
			};
			buildConfigurationList = 0A1879FF22A64962004EECAA /* Build configuration list for PBXProject "ArtZen" */;
			compatibilityVersion = "Xcode 9.3";
			developmentRegion = en;
			hasScannedForEncodings = 0;
			knownRegions = (
				en,
				Base,
			);
			mainGroup = 0A1879FB22A64962004EECAA;
			productRefGroup = 0A187A0522A64962004EECAA /* Products */;
			projectDirPath = "";
			projectRoot = "";
			targets = (
				0A187A0322A64962004EECAA /* ArtZen */,
			);
		};
/* End PBXProject section */

/* Begin PBXResourcesBuildPhase section */
		0A187A0222A64962004EECAA /* Resources */ = {
			isa = PBXResourcesBuildPhase;
			buildActionMask = 2147483647;
			files = (
				0A187A1222A64964004EECAA /* LaunchScreen.storyboard in Resources */,
				0ACB4F0922AF807D00221FC5 /* MetAllObjectIds.archive in Resources */,
				0A187A0F22A64964004EECAA /* Assets.xcassets in Resources */,
				0A187A0D22A64962004EECAA /* Main.storyboard in Resources */,
			);
			runOnlyForDeploymentPostprocessing = 0;
		};
/* End PBXResourcesBuildPhase section */

/* Begin PBXSourcesBuildPhase section */
		0A187A0022A64962004EECAA /* Sources */ = {
			isa = PBXSourcesBuildPhase;
			buildActionMask = 2147483647;
			files = (
				0A187A0822A64962004EECAA /* AppDelegate.swift in Sources */,
				0ACB4F0D22AF816500221FC5 /* StateController.swift in Sources */,
				0ACB4F1122AF922900221FC5 /* MetObject.swift in Sources */,
				0A6885AD22A70F1A00C431FD /* MetAPI.swift in Sources */,
				0A97EFE422AC6458009D7139 /* Artwork.swift in Sources */,
				0AB0FC3522AB99650026526A /* SearchViewController.swift in Sources */,
				0ACB4F0B22AF80F300221FC5 /* WorldState.swift in Sources */,
				0AB0FC3922AB9ACF0026526A /* DetailViewController.swift in Sources */,
				0AB0FC3722AB9A890026526A /* FavoritesViewController.swift in Sources */,
				0AB0FC3322AB98D10026526A /* ExplorationViewController.swift in Sources */,
				0ACB4F0F22AF845200221FC5 /* StorageController.swift in Sources */,
			);
			runOnlyForDeploymentPostprocessing = 0;
		};
/* End PBXSourcesBuildPhase section */

/* Begin PBXVariantGroup section */
		0A187A0B22A64962004EECAA /* Main.storyboard */ = {
			isa = PBXVariantGroup;
			children = (
				0A187A0C22A64962004EECAA /* Base */,
			);
			name = Main.storyboard;
			sourceTree = "<group>";
		};
		0A187A1022A64964004EECAA /* LaunchScreen.storyboard */ = {
			isa = PBXVariantGroup;
			children = (
				0A187A1122A64964004EECAA /* Base */,
			);
			name = LaunchScreen.storyboard;
			sourceTree = "<group>";
		};
/* End PBXVariantGroup section */

/* Begin XCBuildConfiguration section */
		0A187A1422A64964004EECAA /* Debug */ = {
			isa = XCBuildConfiguration;
			buildSettings = {
				ALWAYS_SEARCH_USER_PATHS = NO;
				CLANG_ANALYZER_NONNULL = YES;
				CLANG_ANALYZER_NUMBER_OBJECT_CONVERSION = YES_AGGRESSIVE;
				CLANG_CXX_LANGUAGE_STANDARD = "gnu++14";
				CLANG_CXX_LIBRARY = "libc++";
				CLANG_ENABLE_MODULES = YES;
				CLANG_ENABLE_OBJC_ARC = YES;
				CLANG_ENABLE_OBJC_WEAK = YES;
				CLANG_WARN_BLOCK_CAPTURE_AUTORELEASING = YES;
				CLANG_WARN_BOOL_CONVERSION = YES;
				CLANG_WARN_COMMA = YES;
				CLANG_WARN_CONSTANT_CONVERSION = YES;
				CLANG_WARN_DEPRECATED_OBJC_IMPLEMENTATIONS = YES;
				CLANG_WARN_DIRECT_OBJC_ISA_USAGE = YES_ERROR;
				CLANG_WARN_DOCUMENTATION_COMMENTS = YES;
				CLANG_WARN_EMPTY_BODY = YES;
				CLANG_WARN_ENUM_CONVERSION = YES;
				CLANG_WARN_INFINITE_RECURSION = YES;
				CLANG_WARN_INT_CONVERSION = YES;
				CLANG_WARN_NON_LITERAL_NULL_CONVERSION = YES;
				CLANG_WARN_OBJC_IMPLICIT_RETAIN_SELF = YES;
				CLANG_WARN_OBJC_LITERAL_CONVERSION = YES;
				CLANG_WARN_OBJC_ROOT_CLASS = YES_ERROR;
				CLANG_WARN_RANGE_LOOP_ANALYSIS = YES;
				CLANG_WARN_STRICT_PROTOTYPES = YES;
				CLANG_WARN_SUSPICIOUS_MOVE = YES;
				CLANG_WARN_UNGUARDED_AVAILABILITY = YES_AGGRESSIVE;
				CLANG_WARN_UNREACHABLE_CODE = YES;
				CLANG_WARN__DUPLICATE_METHOD_MATCH = YES;
				CODE_SIGN_IDENTITY = "iPhone Developer";
				COPY_PHASE_STRIP = NO;
				DEBUG_INFORMATION_FORMAT = dwarf;
				ENABLE_STRICT_OBJC_MSGSEND = YES;
				ENABLE_TESTABILITY = YES;
				GCC_C_LANGUAGE_STANDARD = gnu11;
				GCC_DYNAMIC_NO_PIC = NO;
				GCC_NO_COMMON_BLOCKS = YES;
				GCC_OPTIMIZATION_LEVEL = 0;
				GCC_PREPROCESSOR_DEFINITIONS = (
					"DEBUG=1",
					"$(inherited)",
				);
				GCC_WARN_64_TO_32_BIT_CONVERSION = YES;
				GCC_WARN_ABOUT_RETURN_TYPE = YES_ERROR;
				GCC_WARN_UNDECLARED_SELECTOR = YES;
				GCC_WARN_UNINITIALIZED_AUTOS = YES_AGGRESSIVE;
				GCC_WARN_UNUSED_FUNCTION = YES;
				GCC_WARN_UNUSED_VARIABLE = YES;
				IPHONEOS_DEPLOYMENT_TARGET = 12.2;
				MTL_ENABLE_DEBUG_INFO = INCLUDE_SOURCE;
				MTL_FAST_MATH = YES;
				ONLY_ACTIVE_ARCH = YES;
				SDKROOT = iphoneos;
				SWIFT_ACTIVE_COMPILATION_CONDITIONS = DEBUG;
				SWIFT_OPTIMIZATION_LEVEL = "-Onone";
			};
			name = Debug;
		};
		0A187A1522A64964004EECAA /* Release */ = {
			isa = XCBuildConfiguration;
			buildSettings = {
				ALWAYS_SEARCH_USER_PATHS = NO;
				CLANG_ANALYZER_NONNULL = YES;
				CLANG_ANALYZER_NUMBER_OBJECT_CONVERSION = YES_AGGRESSIVE;
				CLANG_CXX_LANGUAGE_STANDARD = "gnu++14";
				CLANG_CXX_LIBRARY = "libc++";
				CLANG_ENABLE_MODULES = YES;
				CLANG_ENABLE_OBJC_ARC = YES;
				CLANG_ENABLE_OBJC_WEAK = YES;
				CLANG_WARN_BLOCK_CAPTURE_AUTORELEASING = YES;
				CLANG_WARN_BOOL_CONVERSION = YES;
				CLANG_WARN_COMMA = YES;
				CLANG_WARN_CONSTANT_CONVERSION = YES;
				CLANG_WARN_DEPRECATED_OBJC_IMPLEMENTATIONS = YES;
				CLANG_WARN_DIRECT_OBJC_ISA_USAGE = YES_ERROR;
				CLANG_WARN_DOCUMENTATION_COMMENTS = YES;
				CLANG_WARN_EMPTY_BODY = YES;
				CLANG_WARN_ENUM_CONVERSION = YES;
				CLANG_WARN_INFINITE_RECURSION = YES;
				CLANG_WARN_INT_CONVERSION = YES;
				CLANG_WARN_NON_LITERAL_NULL_CONVERSION = YES;
				CLANG_WARN_OBJC_IMPLICIT_RETAIN_SELF = YES;
				CLANG_WARN_OBJC_LITERAL_CONVERSION = YES;
				CLANG_WARN_OBJC_ROOT_CLASS = YES_ERROR;
				CLANG_WARN_RANGE_LOOP_ANALYSIS = YES;
				CLANG_WARN_STRICT_PROTOTYPES = YES;
				CLANG_WARN_SUSPICIOUS_MOVE = YES;
				CLANG_WARN_UNGUARDED_AVAILABILITY = YES_AGGRESSIVE;
				CLANG_WARN_UNREACHABLE_CODE = YES;
				CLANG_WARN__DUPLICATE_METHOD_MATCH = YES;
				CODE_SIGN_IDENTITY = "iPhone Developer";
				COPY_PHASE_STRIP = NO;
				DEBUG_INFORMATION_FORMAT = "dwarf-with-dsym";
				ENABLE_NS_ASSERTIONS = NO;
				ENABLE_STRICT_OBJC_MSGSEND = YES;
				GCC_C_LANGUAGE_STANDARD = gnu11;
				GCC_NO_COMMON_BLOCKS = YES;
				GCC_WARN_64_TO_32_BIT_CONVERSION = YES;
				GCC_WARN_ABOUT_RETURN_TYPE = YES_ERROR;
				GCC_WARN_UNDECLARED_SELECTOR = YES;
				GCC_WARN_UNINITIALIZED_AUTOS = YES_AGGRESSIVE;
				GCC_WARN_UNUSED_FUNCTION = YES;
				GCC_WARN_UNUSED_VARIABLE = YES;
				IPHONEOS_DEPLOYMENT_TARGET = 12.2;
				MTL_ENABLE_DEBUG_INFO = NO;
				MTL_FAST_MATH = YES;
				SDKROOT = iphoneos;
				SWIFT_COMPILATION_MODE = wholemodule;
				SWIFT_OPTIMIZATION_LEVEL = "-O";
				VALIDATE_PRODUCT = YES;
			};
			name = Release;
		};
		0A187A1722A64964004EECAA /* Debug */ = {
			isa = XCBuildConfiguration;
			buildSettings = {
				ASSETCATALOG_COMPILER_APPICON_NAME = AppIcon;
				CODE_SIGN_STYLE = Automatic;
				DEVELOPMENT_TEAM = 5R5PSWDHXJ;
				INFOPLIST_FILE = ArtZen/Info.plist;
				LD_RUNPATH_SEARCH_PATHS = (
					"$(inherited)",
					"@executable_path/Frameworks",
				);
				PRODUCT_BUNDLE_IDENTIFIER = com.kevincjackson.ArtZen;
				PRODUCT_NAME = "$(TARGET_NAME)";
				SWIFT_VERSION = 5.0;
				TARGETED_DEVICE_FAMILY = "1,2";
			};
			name = Debug;
		};
		0A187A1822A64964004EECAA /* Release */ = {
			isa = XCBuildConfiguration;
			buildSettings = {
				ASSETCATALOG_COMPILER_APPICON_NAME = AppIcon;
				CODE_SIGN_STYLE = Automatic;
				DEVELOPMENT_TEAM = 5R5PSWDHXJ;
				INFOPLIST_FILE = ArtZen/Info.plist;
				LD_RUNPATH_SEARCH_PATHS = (
					"$(inherited)",
					"@executable_path/Frameworks",
				);
				PRODUCT_BUNDLE_IDENTIFIER = com.kevincjackson.ArtZen;
				PRODUCT_NAME = "$(TARGET_NAME)";
				SWIFT_VERSION = 5.0;
				TARGETED_DEVICE_FAMILY = "1,2";
			};
			name = Release;
		};
/* End XCBuildConfiguration section */

/* Begin XCConfigurationList section */
		0A1879FF22A64962004EECAA /* Build configuration list for PBXProject "ArtZen" */ = {
			isa = XCConfigurationList;
			buildConfigurations = (
				0A187A1422A64964004EECAA /* Debug */,
				0A187A1522A64964004EECAA /* Release */,
			);
			defaultConfigurationIsVisible = 0;
			defaultConfigurationName = Release;
		};
		0A187A1622A64964004EECAA /* Build configuration list for PBXNativeTarget "ArtZen" */ = {
			isa = XCConfigurationList;
			buildConfigurations = (
				0A187A1722A64964004EECAA /* Debug */,
				0A187A1822A64964004EECAA /* Release */,
			);
			defaultConfigurationIsVisible = 0;
			defaultConfigurationName = Release;
		};
/* End XCConfigurationList section */
	};
	rootObject = 0A1879FC22A64962004EECAA /* Project object */;
}
